// !$*UTF8*$!
{
	archiveVersion = 1;
	classes = {
	};
	objectVersion = 56;
	objects = {

/* Begin PBXBuildFile section */
		C41A735D2A9CB61F00264F53 /* DetailCollectionHeaderView.swift in Sources */ = {isa = PBXBuildFile; fileRef = C41A735C2A9CB61F00264F53 /* DetailCollectionHeaderView.swift */; };
		C41A735F2A9CB65200264F53 /* DetailCollectionHeaderView.xib in Resources */ = {isa = PBXBuildFile; fileRef = C41A735E2A9CB65200264F53 /* DetailCollectionHeaderView.xib */; };
		C45273252A90CD7800C56B32 /* Endpoint.swift in Sources */ = {isa = PBXBuildFile; fileRef = C45273242A90CD7800C56B32 /* Endpoint.swift */; };
		C45273262A90CD7800C56B32 /* Endpoint.swift in Sources */ = {isa = PBXBuildFile; fileRef = C45273242A90CD7800C56B32 /* Endpoint.swift */; };
		C45273282A90D87000C56B32 /* NetworkManager.swift in Sources */ = {isa = PBXBuildFile; fileRef = C45273272A90D87000C56B32 /* NetworkManager.swift */; };
		C45273292A90D87000C56B32 /* NetworkManager.swift in Sources */ = {isa = PBXBuildFile; fileRef = C45273272A90D87000C56B32 /* NetworkManager.swift */; };
		C463E32B2A95216300561EC6 /* MovieListTests.swift in Sources */ = {isa = PBXBuildFile; fileRef = C463E32A2A95216300561EC6 /* MovieListTests.swift */; };
		C463E32D2A9522C100561EC6 /* MockMovieListView.swift in Sources */ = {isa = PBXBuildFile; fileRef = C463E32C2A9522C100561EC6 /* MockMovieListView.swift */; };
		C463E32F2A95231600561EC6 /* MockMovieListRouter.swift in Sources */ = {isa = PBXBuildFile; fileRef = C463E32E2A95231600561EC6 /* MockMovieListRouter.swift */; };
		C463E3312A95236000561EC6 /* MockMovieListInteractor.swift in Sources */ = {isa = PBXBuildFile; fileRef = C463E3302A95236000561EC6 /* MockMovieListInteractor.swift */; };
		C48643B42A90F761003B8280 /* UICollectionView+.swift in Sources */ = {isa = PBXBuildFile; fileRef = C48643B32A90F761003B8280 /* UICollectionView+.swift */; };
		C48643B52A90F761003B8280 /* UICollectionView+.swift in Sources */ = {isa = PBXBuildFile; fileRef = C48643B32A90F761003B8280 /* UICollectionView+.swift */; };
		C48643B72A90F77E003B8280 /* UIView+.swift in Sources */ = {isa = PBXBuildFile; fileRef = C48643B62A90F77E003B8280 /* UIView+.swift */; };
		C48643B82A90F77E003B8280 /* UIView+.swift in Sources */ = {isa = PBXBuildFile; fileRef = C48643B62A90F77E003B8280 /* UIView+.swift */; };
		C48643EE2A913BBF003B8280 /* Keys.plist in Resources */ = {isa = PBXBuildFile; fileRef = C48643ED2A913BBF003B8280 /* Keys.plist */; };
		C48643EF2A913BBF003B8280 /* Keys.plist in Resources */ = {isa = PBXBuildFile; fileRef = C48643ED2A913BBF003B8280 /* Keys.plist */; };
		C48643F42A916BD3003B8280 /* MovieListPresenter.swift in Sources */ = {isa = PBXBuildFile; fileRef = C48643F32A916BD3003B8280 /* MovieListPresenter.swift */; };
		C48643F52A916BD3003B8280 /* MovieListPresenter.swift in Sources */ = {isa = PBXBuildFile; fileRef = C48643F32A916BD3003B8280 /* MovieListPresenter.swift */; };
		C48643F72A916C33003B8280 /* MovieListInteractor.swift in Sources */ = {isa = PBXBuildFile; fileRef = C48643F62A916C33003B8280 /* MovieListInteractor.swift */; };
		C48643F82A916C33003B8280 /* MovieListInteractor.swift in Sources */ = {isa = PBXBuildFile; fileRef = C48643F62A916C33003B8280 /* MovieListInteractor.swift */; };
		C48643FA2A916CC3003B8280 /* MovieListEntity.swift in Sources */ = {isa = PBXBuildFile; fileRef = C48643F92A916CC3003B8280 /* MovieListEntity.swift */; };
		C48643FB2A916CC3003B8280 /* MovieListEntity.swift in Sources */ = {isa = PBXBuildFile; fileRef = C48643F92A916CC3003B8280 /* MovieListEntity.swift */; };
		C48643FD2A916CE2003B8280 /* MovieListRouter.swift in Sources */ = {isa = PBXBuildFile; fileRef = C48643FC2A916CE2003B8280 /* MovieListRouter.swift */; };
		C48643FE2A916CE2003B8280 /* MovieListRouter.swift in Sources */ = {isa = PBXBuildFile; fileRef = C48643FC2A916CE2003B8280 /* MovieListRouter.swift */; };
		C48644052A916F6D003B8280 /* MovieDetailEntity.swift in Sources */ = {isa = PBXBuildFile; fileRef = C48644042A916F6D003B8280 /* MovieDetailEntity.swift */; };
		C48644062A916F6D003B8280 /* MovieDetailEntity.swift in Sources */ = {isa = PBXBuildFile; fileRef = C48644042A916F6D003B8280 /* MovieDetailEntity.swift */; };
		C48644082A916F97003B8280 /* MovieDetailViewController.swift in Sources */ = {isa = PBXBuildFile; fileRef = C48644072A916F97003B8280 /* MovieDetailViewController.swift */; };
		C48644092A916F97003B8280 /* MovieDetailViewController.swift in Sources */ = {isa = PBXBuildFile; fileRef = C48644072A916F97003B8280 /* MovieDetailViewController.swift */; };
		C486440B2A916FCD003B8280 /* MovieDetailViewController.xib in Resources */ = {isa = PBXBuildFile; fileRef = C486440A2A916FCD003B8280 /* MovieDetailViewController.xib */; };
		C486440C2A916FCD003B8280 /* MovieDetailViewController.xib in Resources */ = {isa = PBXBuildFile; fileRef = C486440A2A916FCD003B8280 /* MovieDetailViewController.xib */; };
		C486440E2A917013003B8280 /* MovieDetailPresenter.swift in Sources */ = {isa = PBXBuildFile; fileRef = C486440D2A917013003B8280 /* MovieDetailPresenter.swift */; };
		C486440F2A917013003B8280 /* MovieDetailPresenter.swift in Sources */ = {isa = PBXBuildFile; fileRef = C486440D2A917013003B8280 /* MovieDetailPresenter.swift */; };
		C48644112A9170AD003B8280 /* MovieDetailInteractor.swift in Sources */ = {isa = PBXBuildFile; fileRef = C48644102A9170AD003B8280 /* MovieDetailInteractor.swift */; };
		C48644122A9170AD003B8280 /* MovieDetailInteractor.swift in Sources */ = {isa = PBXBuildFile; fileRef = C48644102A9170AD003B8280 /* MovieDetailInteractor.swift */; };
		C48644142A917124003B8280 /* MovieDetailRouter.swift in Sources */ = {isa = PBXBuildFile; fileRef = C48644132A917124003B8280 /* MovieDetailRouter.swift */; };
		C48644152A917124003B8280 /* MovieDetailRouter.swift in Sources */ = {isa = PBXBuildFile; fileRef = C48644132A917124003B8280 /* MovieDetailRouter.swift */; };
		C48644182A9176D9003B8280 /* Kingfisher in Frameworks */ = {isa = PBXBuildFile; productRef = C48644172A9176D9003B8280 /* Kingfisher */; };
		C49884292A8FFE3900D54372 /* AppDelegate.swift in Sources */ = {isa = PBXBuildFile; fileRef = C49884282A8FFE3900D54372 /* AppDelegate.swift */; };
		C498842B2A8FFE3900D54372 /* SceneDelegate.swift in Sources */ = {isa = PBXBuildFile; fileRef = C498842A2A8FFE3900D54372 /* SceneDelegate.swift */; };
		C49884322A8FFE3A00D54372 /* Assets.xcassets in Resources */ = {isa = PBXBuildFile; fileRef = C49884312A8FFE3A00D54372 /* Assets.xcassets */; };
		C49884352A8FFE3A00D54372 /* LaunchScreen.storyboard in Resources */ = {isa = PBXBuildFile; fileRef = C49884332A8FFE3A00D54372 /* LaunchScreen.storyboard */; };
		C49884402A8FFE3A00D54372 /* MovieList_ViperTests.swift in Sources */ = {isa = PBXBuildFile; fileRef = C498843F2A8FFE3A00D54372 /* MovieList_ViperTests.swift */; };
		C498844A2A8FFE3A00D54372 /* MovieList_ViperUITests.swift in Sources */ = {isa = PBXBuildFile; fileRef = C49884492A8FFE3A00D54372 /* MovieList_ViperUITests.swift */; };
		C498844C2A8FFE3A00D54372 /* MovieList_ViperUITestsLaunchTests.swift in Sources */ = {isa = PBXBuildFile; fileRef = C498844B2A8FFE3A00D54372 /* MovieList_ViperUITestsLaunchTests.swift */; };
		C498845D2A8FFF0D00D54372 /* MovieListViewController.swift in Sources */ = {isa = PBXBuildFile; fileRef = C498845C2A8FFF0D00D54372 /* MovieListViewController.swift */; };
		C498845E2A8FFF1100D54372 /* MovieListViewController.swift in Sources */ = {isa = PBXBuildFile; fileRef = C498845C2A8FFF0D00D54372 /* MovieListViewController.swift */; };
		C49884602A8FFF3500D54372 /* MovieListViewController.xib in Resources */ = {isa = PBXBuildFile; fileRef = C498845F2A8FFF3500D54372 /* MovieListViewController.xib */; };
		C49884632A90072900D54372 /* HorizontalTrendingCell.swift in Sources */ = {isa = PBXBuildFile; fileRef = C49884622A90072900D54372 /* HorizontalTrendingCell.swift */; };
		C49884642A90072900D54372 /* HorizontalTrendingCell.swift in Sources */ = {isa = PBXBuildFile; fileRef = C49884622A90072900D54372 /* HorizontalTrendingCell.swift */; };
		C49884662A90077A00D54372 /* HorizontalTrendingCell.xib in Resources */ = {isa = PBXBuildFile; fileRef = C49884652A90077A00D54372 /* HorizontalTrendingCell.xib */; };
		C498846B2A90082F00D54372 /* MovieCollectionReusableView.swift in Sources */ = {isa = PBXBuildFile; fileRef = C498846A2A90082F00D54372 /* MovieCollectionReusableView.swift */; };
		C498846C2A90082F00D54372 /* MovieCollectionReusableView.swift in Sources */ = {isa = PBXBuildFile; fileRef = C498846A2A90082F00D54372 /* MovieCollectionReusableView.swift */; };
		C498846E2A900D6100D54372 /* VerticalCollectionCell.swift in Sources */ = {isa = PBXBuildFile; fileRef = C498846D2A900D6100D54372 /* VerticalCollectionCell.swift */; };
		C498846F2A900D6100D54372 /* VerticalCollectionCell.swift in Sources */ = {isa = PBXBuildFile; fileRef = C498846D2A900D6100D54372 /* VerticalCollectionCell.swift */; };
		C49884712A900D9900D54372 /* VerticalCollectionCell.xib in Resources */ = {isa = PBXBuildFile; fileRef = C49884702A900D9900D54372 /* VerticalCollectionCell.xib */; };
		C49884722A900D9900D54372 /* VerticalCollectionCell.xib in Resources */ = {isa = PBXBuildFile; fileRef = C49884702A900D9900D54372 /* VerticalCollectionCell.xib */; };
		C4C577042A9A33FF00BEC3E3 /* MovieMoreViewController.swift in Sources */ = {isa = PBXBuildFile; fileRef = C4C577032A9A33FF00BEC3E3 /* MovieMoreViewController.swift */; };
		C4C577082A9A3D9A00BEC3E3 /* MovieMoreViewController.xib in Resources */ = {isa = PBXBuildFile; fileRef = C4C577072A9A3D9A00BEC3E3 /* MovieMoreViewController.xib */; };
		C4C5770A2A9A487600BEC3E3 /* MovieMorePresenter.swift in Sources */ = {isa = PBXBuildFile; fileRef = C4C577092A9A487600BEC3E3 /* MovieMorePresenter.swift */; };
		C4C5770C2A9A48A200BEC3E3 /* MovieMoreInteractor.swift in Sources */ = {isa = PBXBuildFile; fileRef = C4C5770B2A9A48A200BEC3E3 /* MovieMoreInteractor.swift */; };
		C4C5770E2A9A48FC00BEC3E3 /* MovieMoreRouter.swift in Sources */ = {isa = PBXBuildFile; fileRef = C4C5770D2A9A48FC00BEC3E3 /* MovieMoreRouter.swift */; };
		C4C577102A9A55C300BEC3E3 /* UIViewController+.swift in Sources */ = {isa = PBXBuildFile; fileRef = C4C5770F2A9A55C300BEC3E3 /* UIViewController+.swift */; };
		C4C577122A9A9DBA00BEC3E3 /* Optional+.swift in Sources */ = {isa = PBXBuildFile; fileRef = C4C577112A9A9DBA00BEC3E3 /* Optional+.swift */; };
		C4C577142A9B879400BEC3E3 /* VerticalCollectionCellPresenter.swift in Sources */ = {isa = PBXBuildFile; fileRef = C4C577132A9B879400BEC3E3 /* VerticalCollectionCellPresenter.swift */; };
		C4C577162A9BB02500BEC3E3 /* VerticalCollectionCellPresenter.swift in Sources */ = {isa = PBXBuildFile; fileRef = C4C577132A9B879400BEC3E3 /* VerticalCollectionCellPresenter.swift */; };
		C4C5771A2A9BB30E00BEC3E3 /* MovieCollectionReusableView.xib in Resources */ = {isa = PBXBuildFile; fileRef = C4C577192A9BB30E00BEC3E3 /* MovieCollectionReusableView.xib */; };
		C4C5771C2A9BB6F300BEC3E3 /* UICollectionReusableView.swift in Sources */ = {isa = PBXBuildFile; fileRef = C4C5771B2A9BB6F300BEC3E3 /* UICollectionReusableView.swift */; };
		C4C5771E2A9BB9FE00BEC3E3 /* MovieCollectionReusablePresenter.swift in Sources */ = {isa = PBXBuildFile; fileRef = C4C5771D2A9BB9FE00BEC3E3 /* MovieCollectionReusablePresenter.swift */; };
/* End PBXBuildFile section */

/* Begin PBXContainerItemProxy section */
		C498843C2A8FFE3A00D54372 /* PBXContainerItemProxy */ = {
			isa = PBXContainerItemProxy;
			containerPortal = C498841D2A8FFE3900D54372 /* Project object */;
			proxyType = 1;
			remoteGlobalIDString = C49884242A8FFE3900D54372;
			remoteInfo = MovieList_Viper;
		};
		C49884462A8FFE3A00D54372 /* PBXContainerItemProxy */ = {
			isa = PBXContainerItemProxy;
			containerPortal = C498841D2A8FFE3900D54372 /* Project object */;
			proxyType = 1;
			remoteGlobalIDString = C49884242A8FFE3900D54372;
			remoteInfo = MovieList_Viper;
		};
/* End PBXContainerItemProxy section */

/* Begin PBXFileReference section */
		C41A735C2A9CB61F00264F53 /* DetailCollectionHeaderView.swift */ = {isa = PBXFileReference; lastKnownFileType = sourcecode.swift; path = DetailCollectionHeaderView.swift; sourceTree = "<group>"; };
		C41A735E2A9CB65200264F53 /* DetailCollectionHeaderView.xib */ = {isa = PBXFileReference; lastKnownFileType = file.xib; path = DetailCollectionHeaderView.xib; sourceTree = "<group>"; };
		C45273242A90CD7800C56B32 /* Endpoint.swift */ = {isa = PBXFileReference; lastKnownFileType = sourcecode.swift; path = Endpoint.swift; sourceTree = "<group>"; };
		C45273272A90D87000C56B32 /* NetworkManager.swift */ = {isa = PBXFileReference; lastKnownFileType = sourcecode.swift; path = NetworkManager.swift; sourceTree = "<group>"; };
		C463E32A2A95216300561EC6 /* MovieListTests.swift */ = {isa = PBXFileReference; lastKnownFileType = sourcecode.swift; path = MovieListTests.swift; sourceTree = "<group>"; };
		C463E32C2A9522C100561EC6 /* MockMovieListView.swift */ = {isa = PBXFileReference; lastKnownFileType = sourcecode.swift; path = MockMovieListView.swift; sourceTree = "<group>"; };
		C463E32E2A95231600561EC6 /* MockMovieListRouter.swift */ = {isa = PBXFileReference; lastKnownFileType = sourcecode.swift; path = MockMovieListRouter.swift; sourceTree = "<group>"; };
		C463E3302A95236000561EC6 /* MockMovieListInteractor.swift */ = {isa = PBXFileReference; lastKnownFileType = sourcecode.swift; path = MockMovieListInteractor.swift; sourceTree = "<group>"; };
		C48643B32A90F761003B8280 /* UICollectionView+.swift */ = {isa = PBXFileReference; lastKnownFileType = sourcecode.swift; path = "UICollectionView+.swift"; sourceTree = "<group>"; };
		C48643B62A90F77E003B8280 /* UIView+.swift */ = {isa = PBXFileReference; lastKnownFileType = sourcecode.swift; path = "UIView+.swift"; sourceTree = "<group>"; };
		C48643ED2A913BBF003B8280 /* Keys.plist */ = {isa = PBXFileReference; lastKnownFileType = text.plist.xml; path = Keys.plist; sourceTree = "<group>"; };
		C48643F32A916BD3003B8280 /* MovieListPresenter.swift */ = {isa = PBXFileReference; lastKnownFileType = sourcecode.swift; path = MovieListPresenter.swift; sourceTree = "<group>"; };
		C48643F62A916C33003B8280 /* MovieListInteractor.swift */ = {isa = PBXFileReference; lastKnownFileType = sourcecode.swift; path = MovieListInteractor.swift; sourceTree = "<group>"; };
		C48643F92A916CC3003B8280 /* MovieListEntity.swift */ = {isa = PBXFileReference; lastKnownFileType = sourcecode.swift; path = MovieListEntity.swift; sourceTree = "<group>"; };
		C48643FC2A916CE2003B8280 /* MovieListRouter.swift */ = {isa = PBXFileReference; lastKnownFileType = sourcecode.swift; path = MovieListRouter.swift; sourceTree = "<group>"; };
		C48644042A916F6D003B8280 /* MovieDetailEntity.swift */ = {isa = PBXFileReference; lastKnownFileType = sourcecode.swift; path = MovieDetailEntity.swift; sourceTree = "<group>"; };
		C48644072A916F97003B8280 /* MovieDetailViewController.swift */ = {isa = PBXFileReference; lastKnownFileType = sourcecode.swift; path = MovieDetailViewController.swift; sourceTree = "<group>"; };
		C486440A2A916FCD003B8280 /* MovieDetailViewController.xib */ = {isa = PBXFileReference; lastKnownFileType = file.xib; path = MovieDetailViewController.xib; sourceTree = "<group>"; };
		C486440D2A917013003B8280 /* MovieDetailPresenter.swift */ = {isa = PBXFileReference; lastKnownFileType = sourcecode.swift; path = MovieDetailPresenter.swift; sourceTree = "<group>"; };
		C48644102A9170AD003B8280 /* MovieDetailInteractor.swift */ = {isa = PBXFileReference; lastKnownFileType = sourcecode.swift; path = MovieDetailInteractor.swift; sourceTree = "<group>"; };
		C48644132A917124003B8280 /* MovieDetailRouter.swift */ = {isa = PBXFileReference; lastKnownFileType = sourcecode.swift; path = MovieDetailRouter.swift; sourceTree = "<group>"; };
		C49884252A8FFE3900D54372 /* MovieList_Viper.app */ = {isa = PBXFileReference; explicitFileType = wrapper.application; includeInIndex = 0; path = MovieList_Viper.app; sourceTree = BUILT_PRODUCTS_DIR; };
		C49884282A8FFE3900D54372 /* AppDelegate.swift */ = {isa = PBXFileReference; lastKnownFileType = sourcecode.swift; path = AppDelegate.swift; sourceTree = "<group>"; };
		C498842A2A8FFE3900D54372 /* SceneDelegate.swift */ = {isa = PBXFileReference; lastKnownFileType = sourcecode.swift; path = SceneDelegate.swift; sourceTree = "<group>"; };
		C49884312A8FFE3A00D54372 /* Assets.xcassets */ = {isa = PBXFileReference; lastKnownFileType = folder.assetcatalog; path = Assets.xcassets; sourceTree = "<group>"; };
		C49884342A8FFE3A00D54372 /* Base */ = {isa = PBXFileReference; lastKnownFileType = file.storyboard; name = Base; path = Base.lproj/LaunchScreen.storyboard; sourceTree = "<group>"; };
		C49884362A8FFE3A00D54372 /* Info.plist */ = {isa = PBXFileReference; lastKnownFileType = text.plist.xml; path = Info.plist; sourceTree = "<group>"; };
		C498843B2A8FFE3A00D54372 /* MovieList_ViperTests.xctest */ = {isa = PBXFileReference; explicitFileType = wrapper.cfbundle; includeInIndex = 0; path = MovieList_ViperTests.xctest; sourceTree = BUILT_PRODUCTS_DIR; };
		C498843F2A8FFE3A00D54372 /* MovieList_ViperTests.swift */ = {isa = PBXFileReference; lastKnownFileType = sourcecode.swift; path = MovieList_ViperTests.swift; sourceTree = "<group>"; };
		C49884452A8FFE3A00D54372 /* MovieList_ViperUITests.xctest */ = {isa = PBXFileReference; explicitFileType = wrapper.cfbundle; includeInIndex = 0; path = MovieList_ViperUITests.xctest; sourceTree = BUILT_PRODUCTS_DIR; };
		C49884492A8FFE3A00D54372 /* MovieList_ViperUITests.swift */ = {isa = PBXFileReference; lastKnownFileType = sourcecode.swift; path = MovieList_ViperUITests.swift; sourceTree = "<group>"; };
		C498844B2A8FFE3A00D54372 /* MovieList_ViperUITestsLaunchTests.swift */ = {isa = PBXFileReference; lastKnownFileType = sourcecode.swift; path = MovieList_ViperUITestsLaunchTests.swift; sourceTree = "<group>"; };
		C498845C2A8FFF0D00D54372 /* MovieListViewController.swift */ = {isa = PBXFileReference; lastKnownFileType = sourcecode.swift; path = MovieListViewController.swift; sourceTree = "<group>"; };
		C498845F2A8FFF3500D54372 /* MovieListViewController.xib */ = {isa = PBXFileReference; lastKnownFileType = file.xib; path = MovieListViewController.xib; sourceTree = "<group>"; };
		C49884622A90072900D54372 /* HorizontalTrendingCell.swift */ = {isa = PBXFileReference; lastKnownFileType = sourcecode.swift; path = HorizontalTrendingCell.swift; sourceTree = "<group>"; };
		C49884652A90077A00D54372 /* HorizontalTrendingCell.xib */ = {isa = PBXFileReference; lastKnownFileType = file.xib; path = HorizontalTrendingCell.xib; sourceTree = "<group>"; };
		C498846A2A90082F00D54372 /* MovieCollectionReusableView.swift */ = {isa = PBXFileReference; lastKnownFileType = sourcecode.swift; path = MovieCollectionReusableView.swift; sourceTree = "<group>"; };
		C498846D2A900D6100D54372 /* VerticalCollectionCell.swift */ = {isa = PBXFileReference; lastKnownFileType = sourcecode.swift; path = VerticalCollectionCell.swift; sourceTree = "<group>"; };
		C49884702A900D9900D54372 /* VerticalCollectionCell.xib */ = {isa = PBXFileReference; lastKnownFileType = file.xib; path = VerticalCollectionCell.xib; sourceTree = "<group>"; };
		C4C577032A9A33FF00BEC3E3 /* MovieMoreViewController.swift */ = {isa = PBXFileReference; lastKnownFileType = sourcecode.swift; path = MovieMoreViewController.swift; sourceTree = "<group>"; };
		C4C577072A9A3D9A00BEC3E3 /* MovieMoreViewController.xib */ = {isa = PBXFileReference; lastKnownFileType = file.xib; path = MovieMoreViewController.xib; sourceTree = "<group>"; };
		C4C577092A9A487600BEC3E3 /* MovieMorePresenter.swift */ = {isa = PBXFileReference; lastKnownFileType = sourcecode.swift; path = MovieMorePresenter.swift; sourceTree = "<group>"; };
		C4C5770B2A9A48A200BEC3E3 /* MovieMoreInteractor.swift */ = {isa = PBXFileReference; lastKnownFileType = sourcecode.swift; path = MovieMoreInteractor.swift; sourceTree = "<group>"; };
		C4C5770D2A9A48FC00BEC3E3 /* MovieMoreRouter.swift */ = {isa = PBXFileReference; lastKnownFileType = sourcecode.swift; path = MovieMoreRouter.swift; sourceTree = "<group>"; };
		C4C5770F2A9A55C300BEC3E3 /* UIViewController+.swift */ = {isa = PBXFileReference; lastKnownFileType = sourcecode.swift; path = "UIViewController+.swift"; sourceTree = "<group>"; };
		C4C577112A9A9DBA00BEC3E3 /* Optional+.swift */ = {isa = PBXFileReference; lastKnownFileType = sourcecode.swift; path = "Optional+.swift"; sourceTree = "<group>"; };
		C4C577132A9B879400BEC3E3 /* VerticalCollectionCellPresenter.swift */ = {isa = PBXFileReference; lastKnownFileType = sourcecode.swift; path = VerticalCollectionCellPresenter.swift; sourceTree = "<group>"; };
		C4C577192A9BB30E00BEC3E3 /* MovieCollectionReusableView.xib */ = {isa = PBXFileReference; lastKnownFileType = file.xib; path = MovieCollectionReusableView.xib; sourceTree = "<group>"; };
		C4C5771B2A9BB6F300BEC3E3 /* UICollectionReusableView.swift */ = {isa = PBXFileReference; lastKnownFileType = sourcecode.swift; path = UICollectionReusableView.swift; sourceTree = "<group>"; };
		C4C5771D2A9BB9FE00BEC3E3 /* MovieCollectionReusablePresenter.swift */ = {isa = PBXFileReference; lastKnownFileType = sourcecode.swift; path = MovieCollectionReusablePresenter.swift; sourceTree = "<group>"; };
/* End PBXFileReference section */

/* Begin PBXFrameworksBuildPhase section */
		C49884222A8FFE3900D54372 /* Frameworks */ = {
			isa = PBXFrameworksBuildPhase;
			buildActionMask = 2147483647;
			files = (
				C48644182A9176D9003B8280 /* Kingfisher in Frameworks */,
			);
			runOnlyForDeploymentPostprocessing = 0;
		};
		C49884382A8FFE3A00D54372 /* Frameworks */ = {
			isa = PBXFrameworksBuildPhase;
			buildActionMask = 2147483647;
			files = (
			);
			runOnlyForDeploymentPostprocessing = 0;
		};
		C49884422A8FFE3A00D54372 /* Frameworks */ = {
			isa = PBXFrameworksBuildPhase;
			buildActionMask = 2147483647;
			files = (
			);
			runOnlyForDeploymentPostprocessing = 0;
		};
/* End PBXFrameworksBuildPhase section */

/* Begin PBXGroup section */
		C41A735B2A9CB60700264F53 /* _components */ = {
			isa = PBXGroup;
			children = (
				C41A735C2A9CB61F00264F53 /* DetailCollectionHeaderView.swift */,
				C41A735E2A9CB65200264F53 /* DetailCollectionHeaderView.xib */,
			);
			path = _components;
			sourceTree = "<group>";
		};
		C45273232A90CC0000C56B32 /* Network Layer */ = {
			isa = PBXGroup;
			children = (
				C45273242A90CD7800C56B32 /* Endpoint.swift */,
				C45273272A90D87000C56B32 /* NetworkManager.swift */,
			);
			path = "Network Layer";
			sourceTree = "<group>";
		};
		C48643B22A90F746003B8280 /* Extension */ = {
			isa = PBXGroup;
			children = (
				C48643B32A90F761003B8280 /* UICollectionView+.swift */,
				C4C5771B2A9BB6F300BEC3E3 /* UICollectionReusableView.swift */,
				C48643B62A90F77E003B8280 /* UIView+.swift */,
				C4C5770F2A9A55C300BEC3E3 /* UIViewController+.swift */,
				C4C577112A9A9DBA00BEC3E3 /* Optional+.swift */,
			);
			path = Extension;
			sourceTree = "<group>";
		};
		C48644022A916F45003B8280 /* MovieDetail */ = {
			isa = PBXGroup;
			children = (
				C41A735B2A9CB60700264F53 /* _components */,
				C48644072A916F97003B8280 /* MovieDetailViewController.swift */,
				C486440A2A916FCD003B8280 /* MovieDetailViewController.xib */,
				C486440D2A917013003B8280 /* MovieDetailPresenter.swift */,
				C48644102A9170AD003B8280 /* MovieDetailInteractor.swift */,
				C48644042A916F6D003B8280 /* MovieDetailEntity.swift */,
				C48644132A917124003B8280 /* MovieDetailRouter.swift */,
			);
			path = MovieDetail;
			sourceTree = "<group>";
		};
		C48644032A916F53003B8280 /* Scenes */ = {
			isa = PBXGroup;
			children = (
				C498845B2A8FFEE300D54372 /* MovieList */,
				C48644022A916F45003B8280 /* MovieDetail */,
				C4C577022A9A33D200BEC3E3 /* MovieMore */,
			);
			path = Scenes;
			sourceTree = "<group>";
		};
		C498841C2A8FFE3900D54372 = {
			isa = PBXGroup;
			children = (
				C49884272A8FFE3900D54372 /* MovieList_Viper */,
				C498843E2A8FFE3A00D54372 /* MovieList_ViperTests */,
				C49884482A8FFE3A00D54372 /* MovieList_ViperUITests */,
				C49884262A8FFE3900D54372 /* Products */,
			);
			sourceTree = "<group>";
		};
		C49884262A8FFE3900D54372 /* Products */ = {
			isa = PBXGroup;
			children = (
				C49884252A8FFE3900D54372 /* MovieList_Viper.app */,
				C498843B2A8FFE3A00D54372 /* MovieList_ViperTests.xctest */,
				C49884452A8FFE3A00D54372 /* MovieList_ViperUITests.xctest */,
			);
			name = Products;
			sourceTree = "<group>";
		};
		C49884272A8FFE3900D54372 /* MovieList_Viper */ = {
			isa = PBXGroup;
			children = (
				C48643B22A90F746003B8280 /* Extension */,
				C45273232A90CC0000C56B32 /* Network Layer */,
				C48644032A916F53003B8280 /* Scenes */,
				C498845A2A8FFE9E00D54372 /* Application */,
				C49884582A8FFE8100D54372 /* Resources */,
				C49884592A8FFE9100D54372 /* Supporting Files */,
			);
			path = MovieList_Viper;
			sourceTree = "<group>";
		};
		C498843E2A8FFE3A00D54372 /* MovieList_ViperTests */ = {
			isa = PBXGroup;
			children = (
				C498843F2A8FFE3A00D54372 /* MovieList_ViperTests.swift */,
				C463E32A2A95216300561EC6 /* MovieListTests.swift */,
				C463E32C2A9522C100561EC6 /* MockMovieListView.swift */,
				C463E32E2A95231600561EC6 /* MockMovieListRouter.swift */,
				C463E3302A95236000561EC6 /* MockMovieListInteractor.swift */,
			);
			path = MovieList_ViperTests;
			sourceTree = "<group>";
		};
		C49884482A8FFE3A00D54372 /* MovieList_ViperUITests */ = {
			isa = PBXGroup;
			children = (
				C49884492A8FFE3A00D54372 /* MovieList_ViperUITests.swift */,
				C498844B2A8FFE3A00D54372 /* MovieList_ViperUITestsLaunchTests.swift */,
			);
			path = MovieList_ViperUITests;
			sourceTree = "<group>";
		};
		C49884582A8FFE8100D54372 /* Resources */ = {
			isa = PBXGroup;
			children = (
				C49884312A8FFE3A00D54372 /* Assets.xcassets */,
			);
			path = Resources;
			sourceTree = "<group>";
		};
		C49884592A8FFE9100D54372 /* Supporting Files */ = {
			isa = PBXGroup;
			children = (
				C49884332A8FFE3A00D54372 /* LaunchScreen.storyboard */,
				C49884362A8FFE3A00D54372 /* Info.plist */,
				C48643ED2A913BBF003B8280 /* Keys.plist */,
			);
			path = "Supporting Files";
			sourceTree = "<group>";
		};
		C498845A2A8FFE9E00D54372 /* Application */ = {
			isa = PBXGroup;
			children = (
				C49884282A8FFE3900D54372 /* AppDelegate.swift */,
				C498842A2A8FFE3900D54372 /* SceneDelegate.swift */,
			);
			path = Application;
			sourceTree = "<group>";
		};
		C498845B2A8FFEE300D54372 /* MovieList */ = {
			isa = PBXGroup;
			children = (
				C49884612A9002E500D54372 /* _components */,
				C498845C2A8FFF0D00D54372 /* MovieListViewController.swift */,
				C498845F2A8FFF3500D54372 /* MovieListViewController.xib */,
				C48643F32A916BD3003B8280 /* MovieListPresenter.swift */,
				C48643F62A916C33003B8280 /* MovieListInteractor.swift */,
				C48643F92A916CC3003B8280 /* MovieListEntity.swift */,
				C48643FC2A916CE2003B8280 /* MovieListRouter.swift */,
			);
			path = MovieList;
			sourceTree = "<group>";
		};
		C49884612A9002E500D54372 /* _components */ = {
			isa = PBXGroup;
			children = (
				C4C577152A9BB01200BEC3E3 /* VerticalCollectionCell */,
				C4C577182A9BB05A00BEC3E3 /* HeaderView */,
			);
			path = _components;
			sourceTree = "<group>";
		};
		C4C577022A9A33D200BEC3E3 /* MovieMore */ = {
			isa = PBXGroup;
			children = (
				C4C577032A9A33FF00BEC3E3 /* MovieMoreViewController.swift */,
				C4C577072A9A3D9A00BEC3E3 /* MovieMoreViewController.xib */,
				C4C577092A9A487600BEC3E3 /* MovieMorePresenter.swift */,
				C4C5770B2A9A48A200BEC3E3 /* MovieMoreInteractor.swift */,
				C4C5770D2A9A48FC00BEC3E3 /* MovieMoreRouter.swift */,
			);
			path = MovieMore;
			sourceTree = "<group>";
		};
		C4C577152A9BB01200BEC3E3 /* VerticalCollectionCell */ = {
			isa = PBXGroup;
			children = (
				C4C577172A9BB02C00BEC3E3 /* HorizontalCollectionCell */,
				C498846D2A900D6100D54372 /* VerticalCollectionCell.swift */,
				C4C577132A9B879400BEC3E3 /* VerticalCollectionCellPresenter.swift */,
				C49884702A900D9900D54372 /* VerticalCollectionCell.xib */,
			);
			path = VerticalCollectionCell;
			sourceTree = "<group>";
		};
		C4C577172A9BB02C00BEC3E3 /* HorizontalCollectionCell */ = {
			isa = PBXGroup;
			children = (
				C49884622A90072900D54372 /* HorizontalTrendingCell.swift */,
				C49884652A90077A00D54372 /* HorizontalTrendingCell.xib */,
			);
			path = HorizontalCollectionCell;
			sourceTree = "<group>";
		};
		C4C577182A9BB05A00BEC3E3 /* HeaderView */ = {
			isa = PBXGroup;
			children = (
				C498846A2A90082F00D54372 /* MovieCollectionReusableView.swift */,
				C4C5771D2A9BB9FE00BEC3E3 /* MovieCollectionReusablePresenter.swift */,
				C4C577192A9BB30E00BEC3E3 /* MovieCollectionReusableView.xib */,
			);
			path = HeaderView;
			sourceTree = "<group>";
		};
/* End PBXGroup section */

/* Begin PBXNativeTarget section */
		C49884242A8FFE3900D54372 /* MovieList_Viper */ = {
			isa = PBXNativeTarget;
			buildConfigurationList = C498844F2A8FFE3A00D54372 /* Build configuration list for PBXNativeTarget "MovieList_Viper" */;
			buildPhases = (
				C49884212A8FFE3900D54372 /* Sources */,
				C49884222A8FFE3900D54372 /* Frameworks */,
				C49884232A8FFE3900D54372 /* Resources */,
			);
			buildRules = (
			);
			dependencies = (
			);
			name = MovieList_Viper;
			packageProductDependencies = (
				C48644172A9176D9003B8280 /* Kingfisher */,
			);
			productName = MovieList_Viper;
			productReference = C49884252A8FFE3900D54372 /* MovieList_Viper.app */;
			productType = "com.apple.product-type.application";
		};
		C498843A2A8FFE3A00D54372 /* MovieList_ViperTests */ = {
			isa = PBXNativeTarget;
			buildConfigurationList = C49884522A8FFE3A00D54372 /* Build configuration list for PBXNativeTarget "MovieList_ViperTests" */;
			buildPhases = (
				C49884372A8FFE3A00D54372 /* Sources */,
				C49884382A8FFE3A00D54372 /* Frameworks */,
				C49884392A8FFE3A00D54372 /* Resources */,
			);
			buildRules = (
			);
			dependencies = (
				C498843D2A8FFE3A00D54372 /* PBXTargetDependency */,
			);
			name = MovieList_ViperTests;
			productName = MovieList_ViperTests;
			productReference = C498843B2A8FFE3A00D54372 /* MovieList_ViperTests.xctest */;
			productType = "com.apple.product-type.bundle.unit-test";
		};
		C49884442A8FFE3A00D54372 /* MovieList_ViperUITests */ = {
			isa = PBXNativeTarget;
			buildConfigurationList = C49884552A8FFE3A00D54372 /* Build configuration list for PBXNativeTarget "MovieList_ViperUITests" */;
			buildPhases = (
				C49884412A8FFE3A00D54372 /* Sources */,
				C49884422A8FFE3A00D54372 /* Frameworks */,
				C49884432A8FFE3A00D54372 /* Resources */,
			);
			buildRules = (
			);
			dependencies = (
				C49884472A8FFE3A00D54372 /* PBXTargetDependency */,
			);
			name = MovieList_ViperUITests;
			productName = MovieList_ViperUITests;
			productReference = C49884452A8FFE3A00D54372 /* MovieList_ViperUITests.xctest */;
			productType = "com.apple.product-type.bundle.ui-testing";
		};
/* End PBXNativeTarget section */

/* Begin PBXProject section */
		C498841D2A8FFE3900D54372 /* Project object */ = {
			isa = PBXProject;
			attributes = {
				BuildIndependentTargetsInParallel = 1;
				LastSwiftUpdateCheck = 1430;
				LastUpgradeCheck = 1430;
				TargetAttributes = {
					C49884242A8FFE3900D54372 = {
						CreatedOnToolsVersion = 14.3;
					};
					C498843A2A8FFE3A00D54372 = {
						CreatedOnToolsVersion = 14.3;
						TestTargetID = C49884242A8FFE3900D54372;
					};
					C49884442A8FFE3A00D54372 = {
						CreatedOnToolsVersion = 14.3;
						TestTargetID = C49884242A8FFE3900D54372;
					};
				};
			};
			buildConfigurationList = C49884202A8FFE3900D54372 /* Build configuration list for PBXProject "MovieList_Viper" */;
			compatibilityVersion = "Xcode 14.0";
			developmentRegion = en;
			hasScannedForEncodings = 0;
			knownRegions = (
				en,
				Base,
			);
			mainGroup = C498841C2A8FFE3900D54372;
			packageReferences = (
				C48644162A9176D9003B8280 /* XCRemoteSwiftPackageReference "Kingfisher" */,
			);
			productRefGroup = C49884262A8FFE3900D54372 /* Products */;
			projectDirPath = "";
			projectRoot = "";
			targets = (
				C49884242A8FFE3900D54372 /* MovieList_Viper */,
				C498843A2A8FFE3A00D54372 /* MovieList_ViperTests */,
				C49884442A8FFE3A00D54372 /* MovieList_ViperUITests */,
			);
		};
/* End PBXProject section */

/* Begin PBXResourcesBuildPhase section */
		C49884232A8FFE3900D54372 /* Resources */ = {
			isa = PBXResourcesBuildPhase;
			buildActionMask = 2147483647;
			files = (
				C41A735F2A9CB65200264F53 /* DetailCollectionHeaderView.xib in Resources */,
				C4C5771A2A9BB30E00BEC3E3 /* MovieCollectionReusableView.xib in Resources */,
				C4C577082A9A3D9A00BEC3E3 /* MovieMoreViewController.xib in Resources */,
				C486440B2A916FCD003B8280 /* MovieDetailViewController.xib in Resources */,
				C49884662A90077A00D54372 /* HorizontalTrendingCell.xib in Resources */,
				C49884602A8FFF3500D54372 /* MovieListViewController.xib in Resources */,
				C49884352A8FFE3A00D54372 /* LaunchScreen.storyboard in Resources */,
				C48643EE2A913BBF003B8280 /* Keys.plist in Resources */,
				C49884322A8FFE3A00D54372 /* Assets.xcassets in Resources */,
				C49884712A900D9900D54372 /* VerticalCollectionCell.xib in Resources */,
			);
			runOnlyForDeploymentPostprocessing = 0;
		};
		C49884392A8FFE3A00D54372 /* Resources */ = {
			isa = PBXResourcesBuildPhase;
			buildActionMask = 2147483647;
			files = (
				C486440C2A916FCD003B8280 /* MovieDetailViewController.xib in Resources */,
				C48643EF2A913BBF003B8280 /* Keys.plist in Resources */,
				C49884722A900D9900D54372 /* VerticalCollectionCell.xib in Resources */,
			);
			runOnlyForDeploymentPostprocessing = 0;
		};
		C49884432A8FFE3A00D54372 /* Resources */ = {
			isa = PBXResourcesBuildPhase;
			buildActionMask = 2147483647;
			files = (
			);
			runOnlyForDeploymentPostprocessing = 0;
		};
/* End PBXResourcesBuildPhase section */

/* Begin PBXSourcesBuildPhase section */
		C49884212A8FFE3900D54372 /* Sources */ = {
			isa = PBXSourcesBuildPhase;
			buildActionMask = 2147483647;
			files = (
				C48643B72A90F77E003B8280 /* UIView+.swift in Sources */,
				C48643F72A916C33003B8280 /* MovieListInteractor.swift in Sources */,
				C48644052A916F6D003B8280 /* MovieDetailEntity.swift in Sources */,
				C45273252A90CD7800C56B32 /* Endpoint.swift in Sources */,
				C48643FA2A916CC3003B8280 /* MovieListEntity.swift in Sources */,
				C48643B42A90F761003B8280 /* UICollectionView+.swift in Sources */,
				C49884632A90072900D54372 /* HorizontalTrendingCell.swift in Sources */,
				C498846B2A90082F00D54372 /* MovieCollectionReusableView.swift in Sources */,
				C4C577142A9B879400BEC3E3 /* VerticalCollectionCellPresenter.swift in Sources */,
				C4C5770A2A9A487600BEC3E3 /* MovieMorePresenter.swift in Sources */,
				C498845D2A8FFF0D00D54372 /* MovieListViewController.swift in Sources */,
				C4C577122A9A9DBA00BEC3E3 /* Optional+.swift in Sources */,
				C45273282A90D87000C56B32 /* NetworkManager.swift in Sources */,
				C48643F42A916BD3003B8280 /* MovieListPresenter.swift in Sources */,
				C4C5770E2A9A48FC00BEC3E3 /* MovieMoreRouter.swift in Sources */,
				C486440E2A917013003B8280 /* MovieDetailPresenter.swift in Sources */,
				C4C5771E2A9BB9FE00BEC3E3 /* MovieCollectionReusablePresenter.swift in Sources */,
				C4C5770C2A9A48A200BEC3E3 /* MovieMoreInteractor.swift in Sources */,
				C49884292A8FFE3900D54372 /* AppDelegate.swift in Sources */,
				C48644082A916F97003B8280 /* MovieDetailViewController.swift in Sources */,
				C4C577102A9A55C300BEC3E3 /* UIViewController+.swift in Sources */,
				C41A735D2A9CB61F00264F53 /* DetailCollectionHeaderView.swift in Sources */,
				C48644142A917124003B8280 /* MovieDetailRouter.swift in Sources */,
				C48644112A9170AD003B8280 /* MovieDetailInteractor.swift in Sources */,
				C4C5771C2A9BB6F300BEC3E3 /* UICollectionReusableView.swift in Sources */,
				C498842B2A8FFE3900D54372 /* SceneDelegate.swift in Sources */,
				C4C577042A9A33FF00BEC3E3 /* MovieMoreViewController.swift in Sources */,
				C48643FD2A916CE2003B8280 /* MovieListRouter.swift in Sources */,
				C498846E2A900D6100D54372 /* VerticalCollectionCell.swift in Sources */,
			);
			runOnlyForDeploymentPostprocessing = 0;
		};
		C49884372A8FFE3A00D54372 /* Sources */ = {
			isa = PBXSourcesBuildPhase;
			buildActionMask = 2147483647;
			files = (
				C48644152A917124003B8280 /* MovieDetailRouter.swift in Sources */,
				C486440F2A917013003B8280 /* MovieDetailPresenter.swift in Sources */,
				C49884402A8FFE3A00D54372 /* MovieList_ViperTests.swift in Sources */,
				C48644092A916F97003B8280 /* MovieDetailViewController.swift in Sources */,
				C498845E2A8FFF1100D54372 /* MovieListViewController.swift in Sources */,
				C48643FB2A916CC3003B8280 /* MovieListEntity.swift in Sources */,
				C498846C2A90082F00D54372 /* MovieCollectionReusableView.swift in Sources */,
				C48644062A916F6D003B8280 /* MovieDetailEntity.swift in Sources */,
				C48644122A9170AD003B8280 /* MovieDetailInteractor.swift in Sources */,
				C463E3312A95236000561EC6 /* MockMovieListInteractor.swift in Sources */,
				C463E32D2A9522C100561EC6 /* MockMovieListView.swift in Sources */,
				C48643B52A90F761003B8280 /* UICollectionView+.swift in Sources */,
				C45273292A90D87000C56B32 /* NetworkManager.swift in Sources */,
				C4C577162A9BB02500BEC3E3 /* VerticalCollectionCellPresenter.swift in Sources */,
				C463E32F2A95231600561EC6 /* MockMovieListRouter.swift in Sources */,
				C48643F52A916BD3003B8280 /* MovieListPresenter.swift in Sources */,
				C49884642A90072900D54372 /* HorizontalTrendingCell.swift in Sources */,
				C463E32B2A95216300561EC6 /* MovieListTests.swift in Sources */,
				C48643B82A90F77E003B8280 /* UIView+.swift in Sources */,
				C45273262A90CD7800C56B32 /* Endpoint.swift in Sources */,
				C498846F2A900D6100D54372 /* VerticalCollectionCell.swift in Sources */,
				C48643FE2A916CE2003B8280 /* MovieListRouter.swift in Sources */,
				C48643F82A916C33003B8280 /* MovieListInteractor.swift in Sources */,
			);
			runOnlyForDeploymentPostprocessing = 0;
		};
		C49884412A8FFE3A00D54372 /* Sources */ = {
			isa = PBXSourcesBuildPhase;
			buildActionMask = 2147483647;
			files = (
				C498844C2A8FFE3A00D54372 /* MovieList_ViperUITestsLaunchTests.swift in Sources */,
				C498844A2A8FFE3A00D54372 /* MovieList_ViperUITests.swift in Sources */,
			);
			runOnlyForDeploymentPostprocessing = 0;
		};
/* End PBXSourcesBuildPhase section */

/* Begin PBXTargetDependency section */
		C498843D2A8FFE3A00D54372 /* PBXTargetDependency */ = {
			isa = PBXTargetDependency;
			target = C49884242A8FFE3900D54372 /* MovieList_Viper */;
			targetProxy = C498843C2A8FFE3A00D54372 /* PBXContainerItemProxy */;
		};
		C49884472A8FFE3A00D54372 /* PBXTargetDependency */ = {
			isa = PBXTargetDependency;
			target = C49884242A8FFE3900D54372 /* MovieList_Viper */;
			targetProxy = C49884462A8FFE3A00D54372 /* PBXContainerItemProxy */;
		};
/* End PBXTargetDependency section */

/* Begin PBXVariantGroup section */
		C49884332A8FFE3A00D54372 /* LaunchScreen.storyboard */ = {
			isa = PBXVariantGroup;
			children = (
				C49884342A8FFE3A00D54372 /* Base */,
			);
			name = LaunchScreen.storyboard;
			sourceTree = "<group>";
		};
/* End PBXVariantGroup section */

/* Begin XCBuildConfiguration section */
		C498844D2A8FFE3A00D54372 /* Debug */ = {
			isa = XCBuildConfiguration;
			buildSettings = {
				ALWAYS_SEARCH_USER_PATHS = NO;
				CLANG_ANALYZER_NONNULL = YES;
				CLANG_ANALYZER_NUMBER_OBJECT_CONVERSION = YES_AGGRESSIVE;
				CLANG_CXX_LANGUAGE_STANDARD = "gnu++20";
				CLANG_ENABLE_MODULES = YES;
				CLANG_ENABLE_OBJC_ARC = YES;
				CLANG_ENABLE_OBJC_WEAK = YES;
				CLANG_WARN_BLOCK_CAPTURE_AUTORELEASING = YES;
				CLANG_WARN_BOOL_CONVERSION = YES;
				CLANG_WARN_COMMA = YES;
				CLANG_WARN_CONSTANT_CONVERSION = YES;
				CLANG_WARN_DEPRECATED_OBJC_IMPLEMENTATIONS = YES;
				CLANG_WARN_DIRECT_OBJC_ISA_USAGE = YES_ERROR;
				CLANG_WARN_DOCUMENTATION_COMMENTS = YES;
				CLANG_WARN_EMPTY_BODY = YES;
				CLANG_WARN_ENUM_CONVERSION = YES;
				CLANG_WARN_INFINITE_RECURSION = YES;
				CLANG_WARN_INT_CONVERSION = YES;
				CLANG_WARN_NON_LITERAL_NULL_CONVERSION = YES;
				CLANG_WARN_OBJC_IMPLICIT_RETAIN_SELF = YES;
				CLANG_WARN_OBJC_LITERAL_CONVERSION = YES;
				CLANG_WARN_OBJC_ROOT_CLASS = YES_ERROR;
				CLANG_WARN_QUOTED_INCLUDE_IN_FRAMEWORK_HEADER = YES;
				CLANG_WARN_RANGE_LOOP_ANALYSIS = YES;
				CLANG_WARN_STRICT_PROTOTYPES = YES;
				CLANG_WARN_SUSPICIOUS_MOVE = YES;
				CLANG_WARN_UNGUARDED_AVAILABILITY = YES_AGGRESSIVE;
				CLANG_WARN_UNREACHABLE_CODE = YES;
				CLANG_WARN__DUPLICATE_METHOD_MATCH = YES;
				COPY_PHASE_STRIP = NO;
				DEBUG_INFORMATION_FORMAT = dwarf;
				ENABLE_STRICT_OBJC_MSGSEND = YES;
				ENABLE_TESTABILITY = YES;
				GCC_C_LANGUAGE_STANDARD = gnu11;
				GCC_DYNAMIC_NO_PIC = NO;
				GCC_NO_COMMON_BLOCKS = YES;
				GCC_OPTIMIZATION_LEVEL = 0;
				GCC_PREPROCESSOR_DEFINITIONS = (
					"DEBUG=1",
					"$(inherited)",
				);
				GCC_WARN_64_TO_32_BIT_CONVERSION = YES;
				GCC_WARN_ABOUT_RETURN_TYPE = YES_ERROR;
				GCC_WARN_UNDECLARED_SELECTOR = YES;
				GCC_WARN_UNINITIALIZED_AUTOS = YES_AGGRESSIVE;
				GCC_WARN_UNUSED_FUNCTION = YES;
				GCC_WARN_UNUSED_VARIABLE = YES;
				IPHONEOS_DEPLOYMENT_TARGET = 16.4;
				MTL_ENABLE_DEBUG_INFO = INCLUDE_SOURCE;
				MTL_FAST_MATH = YES;
				ONLY_ACTIVE_ARCH = YES;
				SDKROOT = iphoneos;
				SWIFT_ACTIVE_COMPILATION_CONDITIONS = DEBUG;
				SWIFT_OPTIMIZATION_LEVEL = "-Onone";
			};
			name = Debug;
		};
		C498844E2A8FFE3A00D54372 /* Release */ = {
			isa = XCBuildConfiguration;
			buildSettings = {
				ALWAYS_SEARCH_USER_PATHS = NO;
				CLANG_ANALYZER_NONNULL = YES;
				CLANG_ANALYZER_NUMBER_OBJECT_CONVERSION = YES_AGGRESSIVE;
				CLANG_CXX_LANGUAGE_STANDARD = "gnu++20";
				CLANG_ENABLE_MODULES = YES;
				CLANG_ENABLE_OBJC_ARC = YES;
				CLANG_ENABLE_OBJC_WEAK = YES;
				CLANG_WARN_BLOCK_CAPTURE_AUTORELEASING = YES;
				CLANG_WARN_BOOL_CONVERSION = YES;
				CLANG_WARN_COMMA = YES;
				CLANG_WARN_CONSTANT_CONVERSION = YES;
				CLANG_WARN_DEPRECATED_OBJC_IMPLEMENTATIONS = YES;
				CLANG_WARN_DIRECT_OBJC_ISA_USAGE = YES_ERROR;
				CLANG_WARN_DOCUMENTATION_COMMENTS = YES;
				CLANG_WARN_EMPTY_BODY = YES;
				CLANG_WARN_ENUM_CONVERSION = YES;
				CLANG_WARN_INFINITE_RECURSION = YES;
				CLANG_WARN_INT_CONVERSION = YES;
				CLANG_WARN_NON_LITERAL_NULL_CONVERSION = YES;
				CLANG_WARN_OBJC_IMPLICIT_RETAIN_SELF = YES;
				CLANG_WARN_OBJC_LITERAL_CONVERSION = YES;
				CLANG_WARN_OBJC_ROOT_CLASS = YES_ERROR;
				CLANG_WARN_QUOTED_INCLUDE_IN_FRAMEWORK_HEADER = YES;
				CLANG_WARN_RANGE_LOOP_ANALYSIS = YES;
				CLANG_WARN_STRICT_PROTOTYPES = YES;
				CLANG_WARN_SUSPICIOUS_MOVE = YES;
				CLANG_WARN_UNGUARDED_AVAILABILITY = YES_AGGRESSIVE;
				CLANG_WARN_UNREACHABLE_CODE = YES;
				CLANG_WARN__DUPLICATE_METHOD_MATCH = YES;
				COPY_PHASE_STRIP = NO;
				DEBUG_INFORMATION_FORMAT = "dwarf-with-dsym";
				ENABLE_NS_ASSERTIONS = NO;
				ENABLE_STRICT_OBJC_MSGSEND = YES;
				GCC_C_LANGUAGE_STANDARD = gnu11;
				GCC_NO_COMMON_BLOCKS = YES;
				GCC_WARN_64_TO_32_BIT_CONVERSION = YES;
				GCC_WARN_ABOUT_RETURN_TYPE = YES_ERROR;
				GCC_WARN_UNDECLARED_SELECTOR = YES;
				GCC_WARN_UNINITIALIZED_AUTOS = YES_AGGRESSIVE;
				GCC_WARN_UNUSED_FUNCTION = YES;
				GCC_WARN_UNUSED_VARIABLE = YES;
				IPHONEOS_DEPLOYMENT_TARGET = 16.4;
				MTL_ENABLE_DEBUG_INFO = NO;
				MTL_FAST_MATH = YES;
				SDKROOT = iphoneos;
				SWIFT_COMPILATION_MODE = wholemodule;
				SWIFT_OPTIMIZATION_LEVEL = "-O";
				VALIDATE_PRODUCT = YES;
			};
			name = Release;
		};
		C49884502A8FFE3A00D54372 /* Debug */ = {
			isa = XCBuildConfiguration;
			buildSettings = {
				ASSETCATALOG_COMPILER_APPICON_NAME = AppIcon;
				ASSETCATALOG_COMPILER_GLOBAL_ACCENT_COLOR_NAME = AccentColor;
				CODE_SIGN_STYLE = Automatic;
				CURRENT_PROJECT_VERSION = 1;
				DEVELOPMENT_TEAM = 2K6R4XFXZB;
				GENERATE_INFOPLIST_FILE = YES;
				INFOPLIST_FILE = "MovieList_Viper/Supporting Files/Info.plist";
				INFOPLIST_KEY_UIApplicationSupportsIndirectInputEvents = YES;
				INFOPLIST_KEY_UILaunchStoryboardName = LaunchScreen;
				INFOPLIST_KEY_UISupportedInterfaceOrientations_iPad = "UIInterfaceOrientationPortrait UIInterfaceOrientationPortraitUpsideDown UIInterfaceOrientationLandscapeLeft UIInterfaceOrientationLandscapeRight";
				INFOPLIST_KEY_UISupportedInterfaceOrientations_iPhone = "UIInterfaceOrientationPortrait UIInterfaceOrientationLandscapeLeft UIInterfaceOrientationLandscapeRight";
				LD_RUNPATH_SEARCH_PATHS = (
					"$(inherited)",
					"@executable_path/Frameworks",
				);
				MARKETING_VERSION = 1.0;
				PRODUCT_BUNDLE_IDENTIFIER = "sezgin.ciftci.MovieList-Viper";
				PRODUCT_NAME = "$(TARGET_NAME)";
				SWIFT_EMIT_LOC_STRINGS = YES;
				SWIFT_VERSION = 5.0;
				TARGETED_DEVICE_FAMILY = "1,2";
			};
			name = Debug;
		};
		C49884512A8FFE3A00D54372 /* Release */ = {
			isa = XCBuildConfiguration;
			buildSettings = {
				ASSETCATALOG_COMPILER_APPICON_NAME = AppIcon;
				ASSETCATALOG_COMPILER_GLOBAL_ACCENT_COLOR_NAME = AccentColor;
				CODE_SIGN_STYLE = Automatic;
				CURRENT_PROJECT_VERSION = 1;
				DEVELOPMENT_TEAM = 2K6R4XFXZB;
				GENERATE_INFOPLIST_FILE = YES;
				INFOPLIST_FILE = "MovieList_Viper/Supporting Files/Info.plist";
				INFOPLIST_KEY_UIApplicationSupportsIndirectInputEvents = YES;
				INFOPLIST_KEY_UILaunchStoryboardName = LaunchScreen;
				INFOPLIST_KEY_UISupportedInterfaceOrientations_iPad = "UIInterfaceOrientationPortrait UIInterfaceOrientationPortraitUpsideDown UIInterfaceOrientationLandscapeLeft UIInterfaceOrientationLandscapeRight";
				INFOPLIST_KEY_UISupportedInterfaceOrientations_iPhone = "UIInterfaceOrientationPortrait UIInterfaceOrientationLandscapeLeft UIInterfaceOrientationLandscapeRight";
				LD_RUNPATH_SEARCH_PATHS = (
					"$(inherited)",
					"@executable_path/Frameworks",
				);
				MARKETING_VERSION = 1.0;
				PRODUCT_BUNDLE_IDENTIFIER = "sezgin.ciftci.MovieList-Viper";
				PRODUCT_NAME = "$(TARGET_NAME)";
				SWIFT_EMIT_LOC_STRINGS = YES;
				SWIFT_VERSION = 5.0;
				TARGETED_DEVICE_FAMILY = "1,2";
			};
			name = Release;
		};
		C49884532A8FFE3A00D54372 /* Debug */ = {
			isa = XCBuildConfiguration;
			buildSettings = {
				ALWAYS_EMBED_SWIFT_STANDARD_LIBRARIES = YES;
				BUNDLE_LOADER = "$(TEST_HOST)";
				CODE_SIGN_STYLE = Automatic;
				CURRENT_PROJECT_VERSION = 1;
				DEVELOPMENT_TEAM = 2K6R4XFXZB;
				GENERATE_INFOPLIST_FILE = YES;
				IPHONEOS_DEPLOYMENT_TARGET = 16.4;
				MARKETING_VERSION = 1.0;
				PRODUCT_BUNDLE_IDENTIFIER = "sezgin.ciftci.MovieList-ViperTests";
				PRODUCT_NAME = "$(TARGET_NAME)";
				SWIFT_EMIT_LOC_STRINGS = NO;
				SWIFT_VERSION = 5.0;
				TARGETED_DEVICE_FAMILY = "1,2";
				TEST_HOST = "$(BUILT_PRODUCTS_DIR)/MovieList_Viper.app/$(BUNDLE_EXECUTABLE_FOLDER_PATH)/MovieList_Viper";
			};
			name = Debug;
		};
		C49884542A8FFE3A00D54372 /* Release */ = {
			isa = XCBuildConfiguration;
			buildSettings = {
				ALWAYS_EMBED_SWIFT_STANDARD_LIBRARIES = YES;
				BUNDLE_LOADER = "$(TEST_HOST)";
				CODE_SIGN_STYLE = Automatic;
				CURRENT_PROJECT_VERSION = 1;
				DEVELOPMENT_TEAM = 2K6R4XFXZB;
				GENERATE_INFOPLIST_FILE = YES;
				IPHONEOS_DEPLOYMENT_TARGET = 16.4;
				MARKETING_VERSION = 1.0;
				PRODUCT_BUNDLE_IDENTIFIER = "sezgin.ciftci.MovieList-ViperTests";
				PRODUCT_NAME = "$(TARGET_NAME)";
				SWIFT_EMIT_LOC_STRINGS = NO;
				SWIFT_VERSION = 5.0;
				TARGETED_DEVICE_FAMILY = "1,2";
				TEST_HOST = "$(BUILT_PRODUCTS_DIR)/MovieList_Viper.app/$(BUNDLE_EXECUTABLE_FOLDER_PATH)/MovieList_Viper";
			};
			name = Release;
		};
		C49884562A8FFE3A00D54372 /* Debug */ = {
			isa = XCBuildConfiguration;
			buildSettings = {
				ALWAYS_EMBED_SWIFT_STANDARD_LIBRARIES = YES;
				CODE_SIGN_STYLE = Automatic;
				CURRENT_PROJECT_VERSION = 1;
				DEVELOPMENT_TEAM = 2K6R4XFXZB;
				GENERATE_INFOPLIST_FILE = YES;
				MARKETING_VERSION = 1.0;
				PRODUCT_BUNDLE_IDENTIFIER = "sezgin.ciftci.MovieList-ViperUITests";
				PRODUCT_NAME = "$(TARGET_NAME)";
				SWIFT_EMIT_LOC_STRINGS = NO;
				SWIFT_VERSION = 5.0;
				TARGETED_DEVICE_FAMILY = "1,2";
				TEST_TARGET_NAME = MovieList_Viper;
			};
			name = Debug;
		};
		C49884572A8FFE3A00D54372 /* Release */ = {
			isa = XCBuildConfiguration;
			buildSettings = {
				ALWAYS_EMBED_SWIFT_STANDARD_LIBRARIES = YES;
				CODE_SIGN_STYLE = Automatic;
				CURRENT_PROJECT_VERSION = 1;
				DEVELOPMENT_TEAM = 2K6R4XFXZB;
				GENERATE_INFOPLIST_FILE = YES;
				MARKETING_VERSION = 1.0;
				PRODUCT_BUNDLE_IDENTIFIER = "sezgin.ciftci.MovieList-ViperUITests";
				PRODUCT_NAME = "$(TARGET_NAME)";
				SWIFT_EMIT_LOC_STRINGS = NO;
				SWIFT_VERSION = 5.0;
				TARGETED_DEVICE_FAMILY = "1,2";
				TEST_TARGET_NAME = MovieList_Viper;
			};
			name = Release;
		};
/* End XCBuildConfiguration section */

/* Begin XCConfigurationList section */
		C49884202A8FFE3900D54372 /* Build configuration list for PBXProject "MovieList_Viper" */ = {
			isa = XCConfigurationList;
			buildConfigurations = (
				C498844D2A8FFE3A00D54372 /* Debug */,
				C498844E2A8FFE3A00D54372 /* Release */,
			);
			defaultConfigurationIsVisible = 0;
			defaultConfigurationName = Release;
		};
		C498844F2A8FFE3A00D54372 /* Build configuration list for PBXNativeTarget "MovieList_Viper" */ = {
			isa = XCConfigurationList;
			buildConfigurations = (
				C49884502A8FFE3A00D54372 /* Debug */,
				C49884512A8FFE3A00D54372 /* Release */,
			);
			defaultConfigurationIsVisible = 0;
			defaultConfigurationName = Release;
		};
		C49884522A8FFE3A00D54372 /* Build configuration list for PBXNativeTarget "MovieList_ViperTests" */ = {
			isa = XCConfigurationList;
			buildConfigurations = (
				C49884532A8FFE3A00D54372 /* Debug */,
				C49884542A8FFE3A00D54372 /* Release */,
			);
			defaultConfigurationIsVisible = 0;
			defaultConfigurationName = Release;
		};
		C49884552A8FFE3A00D54372 /* Build configuration list for PBXNativeTarget "MovieList_ViperUITests" */ = {
			isa = XCConfigurationList;
			buildConfigurations = (
				C49884562A8FFE3A00D54372 /* Debug */,
				C49884572A8FFE3A00D54372 /* Release */,
			);
			defaultConfigurationIsVisible = 0;
			defaultConfigurationName = Release;
		};
/* End XCConfigurationList section */

/* Begin XCRemoteSwiftPackageReference section */
		C48644162A9176D9003B8280 /* XCRemoteSwiftPackageReference "Kingfisher" */ = {
			isa = XCRemoteSwiftPackageReference;
			repositoryURL = "https://github.com/onevcat/Kingfisher.git";
			requirement = {
				kind = upToNextMajorVersion;
				minimumVersion = 7.0.0;
			};
		};
/* End XCRemoteSwiftPackageReference section */

/* Begin XCSwiftPackageProductDependency section */
		C48644172A9176D9003B8280 /* Kingfisher */ = {
			isa = XCSwiftPackageProductDependency;
			package = C48644162A9176D9003B8280 /* XCRemoteSwiftPackageReference "Kingfisher" */;
			productName = Kingfisher;
		};
/* End XCSwiftPackageProductDependency section */
	};
	rootObject = C498841D2A8FFE3900D54372 /* Project object */;
}
